{
    "_readme": [
        "This file locks the dependencies of your project to a known state",
        "Read more about it at https://getcomposer.org/doc/01-basic-usage.md#installing-dependencies",
        "This file is @generated automatically"
    ],
    "content-hash": "0f8c4e845f8118e4b0e53471a893b1f1",
    "packages": [
        {
            "name": "recurly/recurly-client",
            "version": "2.10.3",
            "source": {
                "type": "git",
                "url": "https://github.com/recurly/recurly-client-php.git",
                "reference": "48b0ace2fee5881cfe0a31f9aa74e3440100f679"
            },
            "dist": {
                "type": "zip",
                "url": "https://api.github.com/repos/recurly/recurly-client-php/zipball/48b0ace2fee5881cfe0a31f9aa74e3440100f679",
                "reference": "48b0ace2fee5881cfe0a31f9aa74e3440100f679",
                "shasum": ""
            },
            "require": {
                "ext-curl": "*",
                "php": ">= 5.4.0"
            },
            "require-dev": {
                "phpunit/phpunit": "4.2.*"
            },
            "type": "library",
            "extra": {
                "branch-alias": {
                    "dev-master": "2.4.x-dev"
                }
            },
            "autoload": {
                "classmap": [
                    "lib"
                ]
            },
            "notification-url": "https://packagist.org/downloads/",
            "license": [
                "MIT"
            ],
            "description": "The PHP client library for the Recurly API",
            "homepage": "https://github.com/recurly/recurly-client-php",
            "keywords": [
                "pay",
                "payments",
                "recurly"
            ],
            "time": "2018-06-26T20:25:42+00:00"
        }
    ],
    "packages-dev": [],
    "aliases": [],
    "minimum-stability": "stable",
    "stability-flags": [],
    "prefer-stable": false,
    "prefer-lowest": false,
    "platform": [],
    "platform-dev": []
}
